// !$*UTF8*$!
{
	archiveVersion = 1;
	classes = {
	};
	objectVersion = 50;
	objects = {

/* Begin PBXBuildFile section */
		0CFBD7849B9ADF613798724E /* Pods_FourthApp.framework in Frameworks */ = {isa = PBXBuildFile; fileRef = 36FF1635C0972C5FE9A59D7E /* Pods_FourthApp.framework */; };
		358E08D3247C477E002DEDEF /* AppDelegate.m in Sources */ = {isa = PBXBuildFile; fileRef = 358E08D2247C477E002DEDEF /* AppDelegate.m */; };
		358E08D6247C477E002DEDEF /* SceneDelegate.m in Sources */ = {isa = PBXBuildFile; fileRef = 358E08D5247C477E002DEDEF /* SceneDelegate.m */; };
		358E08D9247C477E002DEDEF /* ViewController.m in Sources */ = {isa = PBXBuildFile; fileRef = 358E08D8247C477E002DEDEF /* ViewController.m */; };
		358E08DC247C477E002DEDEF /* Main.storyboard in Resources */ = {isa = PBXBuildFile; fileRef = 358E08DA247C477E002DEDEF /* Main.storyboard */; };
		358E08DE247C477F002DEDEF /* Assets.xcassets in Resources */ = {isa = PBXBuildFile; fileRef = 358E08DD247C477F002DEDEF /* Assets.xcassets */; };
		358E08E1247C477F002DEDEF /* LaunchScreen.storyboard in Resources */ = {isa = PBXBuildFile; fileRef = 358E08DF247C477F002DEDEF /* LaunchScreen.storyboard */; };
		358E08E4247C477F002DEDEF /* main.m in Sources */ = {isa = PBXBuildFile; fileRef = 358E08E3247C477F002DEDEF /* main.m */; };
/* End PBXBuildFile section */

/* Begin PBXFileReference section */
		0C78BEFEFC7DE1B36EC526B3 /* Pods-FourthApp.release.xcconfig */ = {isa = PBXFileReference; includeInIndex = 1; lastKnownFileType = text.xcconfig; name = "Pods-FourthApp.release.xcconfig"; path = "Target Support Files/Pods-FourthApp/Pods-FourthApp.release.xcconfig"; sourceTree = "<group>"; };
		358E08CE247C477E002DEDEF /* FourthApp.app */ = {isa = PBXFileReference; explicitFileType = wrapper.application; includeInIndex = 0; path = FourthApp.app; sourceTree = BUILT_PRODUCTS_DIR; };
		358E08D1247C477E002DEDEF /* AppDelegate.h */ = {isa = PBXFileReference; lastKnownFileType = sourcecode.c.h; path = AppDelegate.h; sourceTree = "<group>"; };
		358E08D2247C477E002DEDEF /* AppDelegate.m */ = {isa = PBXFileReference; lastKnownFileType = sourcecode.c.objc; path = AppDelegate.m; sourceTree = "<group>"; };
		358E08D4247C477E002DEDEF /* SceneDelegate.h */ = {isa = PBXFileReference; lastKnownFileType = sourcecode.c.h; path = SceneDelegate.h; sourceTree = "<group>"; };
		358E08D5247C477E002DEDEF /* SceneDelegate.m */ = {isa = PBXFileReference; lastKnownFileType = sourcecode.c.objc; path = SceneDelegate.m; sourceTree = "<group>"; };
		358E08D7247C477E002DEDEF /* ViewController.h */ = {isa = PBXFileReference; lastKnownFileType = sourcecode.c.h; path = ViewController.h; sourceTree = "<group>"; };
		358E08D8247C477E002DEDEF /* ViewController.m */ = {isa = PBXFileReference; lastKnownFileType = sourcecode.c.objc; path = ViewController.m; sourceTree = "<group>"; };
		358E08DB247C477E002DEDEF /* Base */ = {isa = PBXFileReference; lastKnownFileType = file.storyboard; name = Base; path = Base.lproj/Main.storyboard; sourceTree = "<group>"; };
		358E08DD247C477F002DEDEF /* Assets.xcassets */ = {isa = PBXFileReference; lastKnownFileType = folder.assetcatalog; path = Assets.xcassets; sourceTree = "<group>"; };
		358E08E0247C477F002DEDEF /* Base */ = {isa = PBXFileReference; lastKnownFileType = file.storyboard; name = Base; path = Base.lproj/LaunchScreen.storyboard; sourceTree = "<group>"; };
		358E08E2247C477F002DEDEF /* Info.plist */ = {isa = PBXFileReference; lastKnownFileType = text.plist.xml; path = Info.plist; sourceTree = "<group>"; };
		358E08E3247C477F002DEDEF /* main.m */ = {isa = PBXFileReference; lastKnownFileType = sourcecode.c.objc; path = main.m; sourceTree = "<group>"; };
		36FF1635C0972C5FE9A59D7E /* Pods_FourthApp.framework */ = {isa = PBXFileReference; explicitFileType = wrapper.framework; includeInIndex = 0; path = Pods_FourthApp.framework; sourceTree = BUILT_PRODUCTS_DIR; };
		EA77845B13C9FBDBBAEFEDCA /* Pods-FourthApp.debug.xcconfig */ = {isa = PBXFileReference; includeInIndex = 1; lastKnownFileType = text.xcconfig; name = "Pods-FourthApp.debug.xcconfig"; path = "Target Support Files/Pods-FourthApp/Pods-FourthApp.debug.xcconfig"; sourceTree = "<group>"; };
/* End PBXFileReference section */

/* Begin PBXFrameworksBuildPhase section */
		358E08CB247C477E002DEDEF /* Frameworks */ = {
			isa = PBXFrameworksBuildPhase;
			buildActionMask = 2147483647;
			files = (
				0CFBD7849B9ADF613798724E /* Pods_FourthApp.framework in Frameworks */,
			);
			runOnlyForDeploymentPostprocessing = 0;
		};
/* End PBXFrameworksBuildPhase section */

/* Begin PBXGroup section */
		358E08C5247C477E002DEDEF = {
			isa = PBXGroup;
			children = (
				358E08D0247C477E002DEDEF /* FourthApp */,
				358E08CF247C477E002DEDEF /* Products */,
				A89798BC6FE6FD92198C66C7 /* Pods */,
				DAB656FC706D5F8736C94729 /* Frameworks */,
			);
			sourceTree = "<group>";
		};
		358E08CF247C477E002DEDEF /* Products */ = {
			isa = PBXGroup;
			children = (
				358E08CE247C477E002DEDEF /* FourthApp.app */,
			);
			name = Products;
			sourceTree = "<group>";
		};
		358E08D0247C477E002DEDEF /* FourthApp */ = {
			isa = PBXGroup;
			children = (
				358E08D1247C477E002DEDEF /* AppDelegate.h */,
				358E08D2247C477E002DEDEF /* AppDelegate.m */,
				358E08D4247C477E002DEDEF /* SceneDelegate.h */,
				358E08D5247C477E002DEDEF /* SceneDelegate.m */,
				358E08D7247C477E002DEDEF /* ViewController.h */,
				358E08D8247C477E002DEDEF /* ViewController.m */,
				358E08DA247C477E002DEDEF /* Main.storyboard */,
				358E08DD247C477F002DEDEF /* Assets.xcassets */,
				358E08DF247C477F002DEDEF /* LaunchScreen.storyboard */,
				358E08E2247C477F002DEDEF /* Info.plist */,
				358E08E3247C477F002DEDEF /* main.m */,
			);
			path = FourthApp;
			sourceTree = "<group>";
		};
		A89798BC6FE6FD92198C66C7 /* Pods */ = {
			isa = PBXGroup;
			children = (
				EA77845B13C9FBDBBAEFEDCA /* Pods-FourthApp.debug.xcconfig */,
				0C78BEFEFC7DE1B36EC526B3 /* Pods-FourthApp.release.xcconfig */,
			);
			name = Pods;
			path = Pods;
			sourceTree = "<group>";
		};
		DAB656FC706D5F8736C94729 /* Frameworks */ = {
			isa = PBXGroup;
			children = (
				36FF1635C0972C5FE9A59D7E /* Pods_FourthApp.framework */,
			);
			name = Frameworks;
			sourceTree = "<group>";
		};
/* End PBXGroup section */

/* Begin PBXNativeTarget section */
		358E08CD247C477E002DEDEF /* FourthApp */ = {
			isa = PBXNativeTarget;
			buildConfigurationList = 358E08E7247C477F002DEDEF /* Build configuration list for PBXNativeTarget "FourthApp" */;
			buildPhases = (
				E8F1407E87E8C7AB373F9AFC /* [CP] Check Pods Manifest.lock */,
				358E08CA247C477E002DEDEF /* Sources */,
				358E08CB247C477E002DEDEF /* Frameworks */,
				358E08CC247C477E002DEDEF /* Resources */,
				C0A1635B8C086122FE03170D /* [CP] Embed Pods Frameworks */,
			);
			buildRules = (
			);
			dependencies = (
			);
			name = FourthApp;
			productName = FourthApp;
			productReference = 358E08CE247C477E002DEDEF /* FourthApp.app */;
			productType = "com.apple.product-type.application";
		};
/* End PBXNativeTarget section */

/* Begin PBXProject section */
		358E08C6247C477E002DEDEF /* Project object */ = {
			isa = PBXProject;
			attributes = {
				LastUpgradeCheck = 1150;
				ORGANIZATIONNAME = "David Dahina";
				TargetAttributes = {
					358E08CD247C477E002DEDEF = {
						CreatedOnToolsVersion = 11.5;
					};
				};
			};
			buildConfigurationList = 358E08C9247C477E002DEDEF /* Build configuration list for PBXProject "FourthApp" */;
			compatibilityVersion = "Xcode 9.3";
			developmentRegion = en;
			hasScannedForEncodings = 0;
			knownRegions = (
				en,
				Base,
			);
			mainGroup = 358E08C5247C477E002DEDEF;
			productRefGroup = 358E08CF247C477E002DEDEF /* Products */;
			projectDirPath = "";
			projectRoot = "";
			targets = (
				358E08CD247C477E002DEDEF /* FourthApp */,
			);
		};
/* End PBXProject section */

/* Begin PBXResourcesBuildPhase section */
		358E08CC247C477E002DEDEF /* Resources */ = {
			isa = PBXResourcesBuildPhase;
			buildActionMask = 2147483647;
			files = (
				358E08E1247C477F002DEDEF /* LaunchScreen.storyboard in Resources */,
				358E08DE247C477F002DEDEF /* Assets.xcassets in Resources */,
				358E08DC247C477E002DEDEF /* Main.storyboard in Resources */,
			);
			runOnlyForDeploymentPostprocessing = 0;
		};
/* End PBXResourcesBuildPhase section */

/* Begin PBXShellScriptBuildPhase section */
		C0A1635B8C086122FE03170D /* [CP] Embed Pods Frameworks */ = {
			isa = PBXShellScriptBuildPhase;
			buildActionMask = 2147483647;
			files = (
			);
			inputFileListPaths = (
				"${PODS_ROOT}/Target Support Files/Pods-FourthApp/Pods-FourthApp-frameworks-${CONFIGURATION}-input-files.xcfilelist",
			);
			name = "[CP] Embed Pods Frameworks";
			outputFileListPaths = (
				"${PODS_ROOT}/Target Support Files/Pods-FourthApp/Pods-FourthApp-frameworks-${CONFIGURATION}-output-files.xcfilelist",
			);
			runOnlyForDeploymentPostprocessing = 0;
			shellPath = /bin/sh;
			shellScript = "\"${PODS_ROOT}/Target Support Files/Pods-FourthApp/Pods-FourthApp-frameworks.sh\"\n";
			showEnvVarsInLog = 0;
		};
		E8F1407E87E8C7AB373F9AFC /* [CP] Check Pods Manifest.lock */ = {
			isa = PBXShellScriptBuildPhase;
			buildActionMask = 2147483647;
			files = (
			);
			inputFileListPaths = (
			);
			inputPaths = (
				"${PODS_PODFILE_DIR_PATH}/Podfile.lock",
				"${PODS_ROOT}/Manifest.lock",
			);
			name = "[CP] Check Pods Manifest.lock";
			outputFileListPaths = (
			);
			outputPaths = (
				"$(DERIVED_FILE_DIR)/Pods-FourthApp-checkManifestLockResult.txt",
			);
			runOnlyForDeploymentPostprocessing = 0;
			shellPath = /bin/sh;
			shellScript = "diff \"${PODS_PODFILE_DIR_PATH}/Podfile.lock\" \"${PODS_ROOT}/Manifest.lock\" > /dev/null\nif [ $? != 0 ] ; then\n    # print error to STDERR\n    echo \"error: The sandbox is not in sync with the Podfile.lock. Run 'pod install' or update your CocoaPods installation.\" >&2\n    exit 1\nfi\n# This output is used by Xcode 'outputs' to avoid re-running this script phase.\necho \"SUCCESS\" > \"${SCRIPT_OUTPUT_FILE_0}\"\n";
			showEnvVarsInLog = 0;
		};
/* End PBXShellScriptBuildPhase section */

/* Begin PBXSourcesBuildPhase section */
		358E08CA247C477E002DEDEF /* Sources */ = {
			isa = PBXSourcesBuildPhase;
			buildActionMask = 2147483647;
			files = (
				358E08D9247C477E002DEDEF /* ViewController.m in Sources */,
				358E08D3247C477E002DEDEF /* AppDelegate.m in Sources */,
				358E08E4247C477F002DEDEF /* main.m in Sources */,
				358E08D6247C477E002DEDEF /* SceneDelegate.m in Sources */,
			);
			runOnlyForDeploymentPostprocessing = 0;
		};
/* End PBXSourcesBuildPhase section */

/* Begin PBXVariantGroup section */
		358E08DA247C477E002DEDEF /* Main.storyboard */ = {
			isa = PBXVariantGroup;
			children = (
				358E08DB247C477E002DEDEF /* Base */,
			);
			name = Main.storyboard;
			sourceTree = "<group>";
		};
		358E08DF247C477F002DEDEF /* LaunchScreen.storyboard */ = {
			isa = PBXVariantGroup;
			children = (
				358E08E0247C477F002DEDEF /* Base */,
			);
			name = LaunchScreen.storyboard;
			sourceTree = "<group>";
		};
/* End PBXVariantGroup section */

/* Begin XCBuildConfiguration section */
		358E08E5247C477F002DEDEF /* Debug */ = {
			isa = XCBuildConfiguration;
			buildSettings = {
				ALWAYS_SEARCH_USER_PATHS = NO;
				CLANG_ANALYZER_NONNULL = YES;
				CLANG_ANALYZER_NUMBER_OBJECT_CONVERSION = YES_AGGRESSIVE;
				CLANG_CXX_LANGUAGE_STANDARD = "gnu++14";
				CLANG_CXX_LIBRARY = "libc++";
				CLANG_ENABLE_MODULES = YES;
				CLANG_ENABLE_OBJC_ARC = YES;
				CLANG_ENABLE_OBJC_WEAK = YES;
				CLANG_WARN_BLOCK_CAPTURE_AUTORELEASING = YES;
				CLANG_WARN_BOOL_CONVERSION = YES;
				CLANG_WARN_COMMA = YES;
				CLANG_WARN_CONSTANT_CONVERSION = YES;
				CLANG_WARN_DEPRECATED_OBJC_IMPLEMENTATIONS = YES;
				CLANG_WARN_DIRECT_OBJC_ISA_USAGE = YES_ERROR;
				CLANG_WARN_DOCUMENTATION_COMMENTS = YES;
				CLANG_WARN_EMPTY_BODY = YES;
				CLANG_WARN_ENUM_CONVERSION = YES;
				CLANG_WARN_INFINITE_RECURSION = YES;
				CLANG_WARN_INT_CONVERSION = YES;
				CLANG_WARN_NON_LITERAL_NULL_CONVERSION = YES;
				CLANG_WARN_OBJC_IMPLICIT_RETAIN_SELF = YES;
				CLANG_WARN_OBJC_LITERAL_CONVERSION = YES;
				CLANG_WARN_OBJC_ROOT_CLASS = YES_ERROR;
				CLANG_WARN_RANGE_LOOP_ANALYSIS = YES;
				CLANG_WARN_STRICT_PROTOTYPES = YES;
				CLANG_WARN_SUSPICIOUS_MOVE = YES;
				CLANG_WARN_UNGUARDED_AVAILABILITY = YES_AGGRESSIVE;
				CLANG_WARN_UNREACHABLE_CODE = YES;
				CLANG_WARN__DUPLICATE_METHOD_MATCH = YES;
				COPY_PHASE_STRIP = NO;
				DEBUG_INFORMATION_FORMAT = dwarf;
				ENABLE_STRICT_OBJC_MSGSEND = YES;
				ENABLE_TESTABILITY = YES;
				GCC_C_LANGUAGE_STANDARD = gnu11;
				GCC_DYNAMIC_NO_PIC = NO;
				GCC_NO_COMMON_BLOCKS = YES;
				GCC_OPTIMIZATION_LEVEL = 0;
				GCC_PREPROCESSOR_DEFINITIONS = (
					"DEBUG=1",
					"$(inherited)",
				);
				GCC_WARN_64_TO_32_BIT_CONVERSION = YES;
				GCC_WARN_ABOUT_RETURN_TYPE = YES_ERROR;
				GCC_WARN_UNDECLARED_SELECTOR = YES;
				GCC_WARN_UNINITIALIZED_AUTOS = YES_AGGRESSIVE;
				GCC_WARN_UNUSED_FUNCTION = YES;
				GCC_WARN_UNUSED_VARIABLE = YES;
				IPHONEOS_DEPLOYMENT_TARGET = 13.5;
				MTL_ENABLE_DEBUG_INFO = INCLUDE_SOURCE;
				MTL_FAST_MATH = YES;
				ONLY_ACTIVE_ARCH = YES;
				SDKROOT = iphoneos;
			};
			name = Debug;
		};
		358E08E6247C477F002DEDEF /* Release */ = {
			isa = XCBuildConfiguration;
			buildSettings = {
				ALWAYS_SEARCH_USER_PATHS = NO;
				CLANG_ANALYZER_NONNULL = YES;
				CLANG_ANALYZER_NUMBER_OBJECT_CONVERSION = YES_AGGRESSIVE;
				CLANG_CXX_LANGUAGE_STANDARD = "gnu++14";
				CLANG_CXX_LIBRARY = "libc++";
				CLANG_ENABLE_MODULES = YES;
				CLANG_ENABLE_OBJC_ARC = YES;
				CLANG_ENABLE_OBJC_WEAK = YES;
				CLANG_WARN_BLOCK_CAPTURE_AUTORELEASING = YES;
				CLANG_WARN_BOOL_CONVERSION = YES;
				CLANG_WARN_COMMA = YES;
				CLANG_WARN_CONSTANT_CONVERSION = YES;
				CLANG_WARN_DEPRECATED_OBJC_IMPLEMENTATIONS = YES;
				CLANG_WARN_DIRECT_OBJC_ISA_USAGE = YES_ERROR;
				CLANG_WARN_DOCUMENTATION_COMMENTS = YES;
				CLANG_WARN_EMPTY_BODY = YES;
				CLANG_WARN_ENUM_CONVERSION = YES;
				CLANG_WARN_INFINITE_RECURSION = YES;
				CLANG_WARN_INT_CONVERSION = YES;
				CLANG_WARN_NON_LITERAL_NULL_CONVERSION = YES;
				CLANG_WARN_OBJC_IMPLICIT_RETAIN_SELF = YES;
				CLANG_WARN_OBJC_LITERAL_CONVERSION = YES;
				CLANG_WARN_OBJC_ROOT_CLASS = YES_ERROR;
				CLANG_WARN_RANGE_LOOP_ANALYSIS = YES;
				CLANG_WARN_STRICT_PROTOTYPES = YES;
				CLANG_WARN_SUSPICIOUS_MOVE = YES;
				CLANG_WARN_UNGUARDED_AVAILABILITY = YES_AGGRESSIVE;
				CLANG_WARN_UNREACHABLE_CODE = YES;
				CLANG_WARN__DUPLICATE_METHOD_MATCH = YES;
				COPY_PHASE_STRIP = NO;
				DEBUG_INFORMATION_FORMAT = "dwarf-with-dsym";
				ENABLE_NS_ASSERTIONS = NO;
				ENABLE_STRICT_OBJC_MSGSEND = YES;
				GCC_C_LANGUAGE_STANDARD = gnu11;
				GCC_NO_COMMON_BLOCKS = YES;
				GCC_WARN_64_TO_32_BIT_CONVERSION = YES;
				GCC_WARN_ABOUT_RETURN_TYPE = YES_ERROR;
				GCC_WARN_UNDECLARED_SELECTOR = YES;
				GCC_WARN_UNINITIALIZED_AUTOS = YES_AGGRESSIVE;
				GCC_WARN_UNUSED_FUNCTION = YES;
				GCC_WARN_UNUSED_VARIABLE = YES;
				IPHONEOS_DEPLOYMENT_TARGET = 13.5;
				MTL_ENABLE_DEBUG_INFO = NO;
				MTL_FAST_MATH = YES;
				SDKROOT = iphoneos;
				VALIDATE_PRODUCT = YES;
			};
			name = Release;
		};
		358E08E8247C477F002DEDEF /* Debug */ = {
			isa = XCBuildConfiguration;
			baseConfigurationReference = EA77845B13C9FBDBBAEFEDCA /* Pods-FourthApp.debug.xcconfig */;
			buildSettings = {
				ASSETCATALOG_COMPILER_APPICON_NAME = AppIcon;
				CODE_SIGN_STYLE = Automatic;
				INFOPLIST_FILE = FourthApp/Info.plist;
				LD_RUNPATH_SEARCH_PATHS = (
					"$(inherited)",
					"@executable_path/Frameworks",
				);
				PRODUCT_BUNDLE_IDENTIFIER = DD.FourthApp;
				PRODUCT_NAME = "$(TARGET_NAME)";
				TARGETED_DEVICE_FAMILY = "1,2";
			};
			name = Debug;
		};
		358E08E9247C477F002DEDEF /* Release */ = {
			isa = XCBuildConfiguration;
			baseConfigurationReference = 0C78BEFEFC7DE1B36EC526B3 /* Pods-FourthApp.release.xcconfig */;
			buildSettings = {
				ASSETCATALOG_COMPILER_APPICON_NAME = AppIcon;
				CODE_SIGN_STYLE = Automatic;
				INFOPLIST_FILE = FourthApp/Info.plist;
				LD_RUNPATH_SEARCH_PATHS = (
					"$(inherited)",
					"@executable_path/Frameworks",
				);
				PRODUCT_BUNDLE_IDENTIFIER = DD.FourthApp;
				PRODUCT_NAME = "$(TARGET_NAME)";
				TARGETED_DEVICE_FAMILY = "1,2";
			};
			name = Release;
		};
/* End XCBuildConfiguration section */

/* Begin XCConfigurationList section */
		358E08C9247C477E002DEDEF /* Build configuration list for PBXProject "FourthApp" */ = {
			isa = XCConfigurationList;
			buildConfigurations = (
				358E08E5247C477F002DEDEF /* Debug */,
				358E08E6247C477F002DEDEF /* Release */,
			);
			defaultConfigurationIsVisible = 0;
			defaultConfigurationName = Release;
		};
		358E08E7247C477F002DEDEF /* Build configuration list for PBXNativeTarget "FourthApp" */ = {
			isa = XCConfigurationList;
			buildConfigurations = (
				358E08E8247C477F002DEDEF /* Debug */,
				358E08E9247C477F002DEDEF /* Release */,
			);
			defaultConfigurationIsVisible = 0;
			defaultConfigurationName = Release;
		};
/* End XCConfigurationList section */
	};
	rootObject = 358E08C6247C477E002DEDEF /* Project object */;
}
